github.com/golang/go v0.0.0-20210804204405-acbe242f8a2c h1:/fvdL6AOqlOC7VLe5LxmkqPjVArmUH6HsH5p/XsB/wE=
github.com/golang/go v0.0.0-20210804204405-acbe242f8a2c/go.mod h1:VnTjtYw+XLkxokOYpCb9NBW3cOTFO8+uqxF7o10XJQk=
github.com/golang/go v0.0.0-20210816162306-ec5170397c72 h1:X4jW1Nftc9wdde0RVoqBhoaf4tgUD1xN0fcQXG1pS9U=
github.com/golang/go v0.0.0-20210816162306-ec5170397c72/go.mod h1:VnTjtYw+XLkxokOYpCb9NBW3cOTFO8+uqxF7o10XJQk=
github.com/golang/go v0.0.0-20210909152721-21a4e67ad58e h1:bgJBWNEVjrFY+suApvITCqjYAAzCKKN6TcmzOenHREY=
github.com/golang/go v0.0.0-20210909152721-21a4e67ad58e/go.mod h1:VnTjtYw+XLkxokOYpCb9NBW3cOTFO8+uqxF7o10XJQk=
github.com/golang/go v0.0.0-20211007181141-2ac3bdf378ae h1:/V1cTanQSSoWOqA+27k2o4+SfNm6TlxrDa6urOohb6w=
github.com/golang/go v0.0.0-20211007181141-2ac3bdf378ae/go.mod h1:VnTjtYw+XLkxokOYpCb9NBW3cOTFO8+uqxF7o10XJQk=
github.com/golang/go v0.0.0-20211104135524-f58c78a57715 h1:Fo2d6jAc1W1HJrFFexAkmI+io0+N3TdIk3LcaEyR45g=
github.com/golang/go v0.0.0-20211104135524-f58c78a57715/go.mod h1:VnTjtYw+XLkxokOYpCb9NBW3cOTFO8+uqxF7o10XJQk=
github.com/golang/go v0.0.0-20211122235143-83bfed916b97 h1:L2hqdEM+tmm+EgHCuBOU6AdIXIbehrP+bLCYgCska+4=
github.com/golang/go v0.0.0-20211122235143-83bfed916b97/go.mod h1:VnTjtYw+XLkxokOYpCb9NBW3cOTFO8+uqxF7o10XJQk=
github.com/golang/go v0.0.0-20211201101934-0e1d553b4d98 h1:TPuGgCmPXXJZxmBzg4Q2Srn2Q2aKSl5O4QH2IUSQnh4=
github.com/golang/go v0.0.0-20211201101934-0e1d553b4d98/go.mod h1:VnTjtYw+XLkxokOYpCb9NBW3cOTFO8+uqxF7o10XJQk=
golang.org/x/mod v0.5.1 h1:OJxoQ/rynoF0dcCdI7cLPktw/hR2cueqYfjm43oqK38=
golang.org/x/mod v0.5.1/go.mod h1:5OXOZSfqPIIbmVBIIKWRFfZjPR0E5r58TLhUjH0a2Ro=
golang.org/x/net v0.0.0-20210929193557-e81a3d93ecf6/go.mod h1:9nx3DQGgdP8bBQD5qxJ1jj9UTztislL4KSBs9R2vV5Y=
golang.org/x/net v0.0.0-20211112202133-69e39bad7dc2 h1:CIJ76btIcR3eFI5EgSo6k1qKw9KJexJuRLI9G7Hp5wE=
golang.org/x/net v0.0.0-20211112202133-69e39bad7dc2/go.mod h1:9nx3DQGgdP8bBQD5qxJ1jj9UTztislL4KSBs9R2vV5Y=
golang.org/x/sys v0.0.0-20201119102817-f84b799fce68/go.mod h1:h1NjWce9XRLGQEsW7wpKNCjG9DtNlClVuFLEZdDNbEs=
golang.org/x/sys v0.0.0-20210423082822-04245dca01da/go.mod h1:h1NjWce9XRLGQEsW7wpKNCjG9DtNlClVuFLEZdDNbEs=
golang.org/x/term v0.0.0-20201126162022-7de9c90e9dd1/go.mod h1:bj7SfCRtBDWHUb9snDiAeCFNEtKQo2Wmx5Cou7ajbmo=
golang.org/x/text v0.3.6/go.mod h1:5Zoc/QRtKVWzQhOtBMvqHzDpF6irO9z98xDceosuGiQ=
golang.org/x/tools v0.0.0-20180917221912-90fa682c2a6e/go.mod h1:n7NCudcB/nEzxVGmLbDWY5pfWTLqBcC2KZ6jyYvM4mQ=
gopl.io v0.0.0-20211004154805-1ae3ec64947b h1:7X7imR4tIDID9aTy9Algx201qZnnRi1ANBum/C9fFWY=
gopl.io v0.0.0-20211004154805-1ae3ec64947b/go.mod h1:Ma727rQcq6c2t9FT4cyk3IutUQU2j0mtNkG5po6QChQ=
